
Microsoft Visual Studio Solution File, Format Version 12.00
# Visual Studio 15
VisualStudioVersion = 15.0.27130.2010
MinimumVisualStudioVersion = 10.0.40219.1
Project("{FAE04EC0-301F-11D3-BF4B-00C04F79EFBC}") = "Terminal", "Cargo.Client.Terminal\Terminal.csproj", "{6FF9D825-1EC0-4D91-83C9-EB6A7DD0F327}"
EndProject
Project("{2150E333-8FDC-42A3-9474-1A3956D46DE8}") = "Client", "Client", "{BFE521D8-B69E-4F74-AC86-6736711D8F0B}"
EndProject
Project("{FAE04EC0-301F-11D3-BF4B-00C04F79EFBC}") = "Persisting", "Cargo.Client.Persisting\Persisting.csproj", "{C267FA74-3257-44B6-8EB1-C641730E81BF}"
EndProject
Project("{FAE04EC0-301F-11D3-BF4B-00C04F79EFBC}") = "Logic", "Cargo.Client.Logic\Logic.csproj", "{C72156FE-ABA0-460A-9781-A3BF137D79EC}"
EndProject
Project("{FAE04EC0-301F-11D3-BF4B-00C04F79EFBC}") = "Common", "Cargo.Common\Common.csproj", "{358355D3-A710-41A4-9678-949E4265F167}"
EndProject
Global
	GlobalSection(SolutionConfigurationPlatforms) = preSolution
		Debug|Any CPU = Debug|Any CPU
		Release|Any CPU = Release|Any CPU
	EndGlobalSection
	GlobalSection(ProjectConfigurationPlatforms) = postSolution
		{6FF9D825-1EC0-4D91-83C9-EB6A7DD0F327}.Debug|Any CPU.ActiveCfg = Debug|Any CPU
		{6FF9D825-1EC0-4D91-83C9-EB6A7DD0F327}.Debug|Any CPU.Build.0 = Debug|Any CPU
		{6FF9D825-1EC0-4D91-83C9-EB6A7DD0F327}.Release|Any CPU.ActiveCfg = Release|Any CPU
		{6FF9D825-1EC0-4D91-83C9-EB6A7DD0F327}.Release|Any CPU.Build.0 = Release|Any CPU
		{C267FA74-3257-44B6-8EB1-C641730E81BF}.Debug|Any CPU.ActiveCfg = Debug|Any CPU
		{C267FA74-3257-44B6-8EB1-C641730E81BF}.Debug|Any CPU.Build.0 = Debug|Any CPU
		{C267FA74-3257-44B6-8EB1-C641730E81BF}.Release|Any CPU.ActiveCfg = Release|Any CPU
		{C267FA74-3257-44B6-8EB1-C641730E81BF}.Release|Any CPU.Build.0 = Release|Any CPU
		{C72156FE-ABA0-460A-9781-A3BF137D79EC}.Debug|Any CPU.ActiveCfg = Debug|Any CPU
		{C72156FE-ABA0-460A-9781-A3BF137D79EC}.Debug|Any CPU.Build.0 = Debug|Any CPU
		{C72156FE-ABA0-460A-9781-A3BF137D79EC}.Release|Any CPU.ActiveCfg = Release|Any CPU
		{C72156FE-ABA0-460A-9781-A3BF137D79EC}.Release|Any CPU.Build.0 = Release|Any CPU
		{358355D3-A710-41A4-9678-949E4265F167}.Debug|Any CPU.ActiveCfg = Debug|Any CPU
		{358355D3-A710-41A4-9678-949E4265F167}.Debug|Any CPU.Build.0 = Debug|Any CPU
		{358355D3-A710-41A4-9678-949E4265F167}.Release|Any CPU.ActiveCfg = Release|Any CPU
		{358355D3-A710-41A4-9678-949E4265F167}.Release|Any CPU.Build.0 = Release|Any CPU
	EndGlobalSection
	GlobalSection(SolutionProperties) = preSolution
		HideSolutionNode = FALSE
	EndGlobalSection
	GlobalSection(NestedProjects) = preSolution
		{6FF9D825-1EC0-4D91-83C9-EB6A7DD0F327} = {BFE521D8-B69E-4F74-AC86-6736711D8F0B}
		{C267FA74-3257-44B6-8EB1-C641730E81BF} = {BFE521D8-B69E-4F74-AC86-6736711D8F0B}
		{C72156FE-ABA0-460A-9781-A3BF137D79EC} = {BFE521D8-B69E-4F74-AC86-6736711D8F0B}
	EndGlobalSection
	GlobalSection(ExtensibilityGlobals) = postSolution
		SolutionGuid = {672AE1BC-8F0D-4081-B3E5-B30FB2DEA96E}
	EndGlobalSection
EndGlobal
